{
  "name": "3.js",
  "lockfileVersion": 3,
  "requires": true,
  "packages": {
    "": {
      "dependencies": {
        "servor": "^4.0.2",
        "three": "^0.176.0"
      }
    },
    "node_modules/servor": {
      "version": "4.0.2",
      "resolved": "https://registry.npmjs.org/servor/-/servor-4.0.2.tgz",
      "integrity": "sha512-MlmQ5Ntv4jDYUN060x/KEmN7emvIqKMZ9OkM+nY8Bf2+KkyLmGsTqWLyAN2cZr5oESAcH00UanUyyrlS1LRjFw==",
      "bin": {
        "servor": "cli.js"
      }
    },
    "node_modules/three": {
      "version": "0.176.0",
      "resolved": "https://registry.npmjs.org/three/-/three-0.176.0.tgz",
      "integrity": "sha512-PWRKYWQo23ojf9oZSlRGH8K09q7nRSWx6LY/HF/UUrMdYgN9i1e2OwJYHoQjwc6HF/4lvvYLC5YC1X8UJL2ZpA==",
      "license": "MIT"
    }
  }
}
